
Microsoft Visual Studio Solution File, Format Version 12.00
# Visual Studio 15
VisualStudioVersion = 15.0.28307.421
MinimumVisualStudioVersion = 10.0.40219.1
Project("{FAE04EC0-301F-11D3-BF4B-00C04F79EFBC}") = "lesson_4", "lesson_4_task_1\lesson_4.csproj", "{A22A0736-9B60-4C2A-A320-C7CFDCF08DDE}"
EndProject
Global
	GlobalSection(SolutionConfigurationPlatforms) = preSolution
		Debug|Any CPU = Debug|Any CPU
		Release|Any CPU = Release|Any CPU
	EndGlobalSection
	GlobalSection(ProjectConfigurationPlatforms) = postSolution
		{A22A0736-9B60-4C2A-A320-C7CFDCF08DDE}.Debug|Any CPU.ActiveCfg = Debug|Any CPU
		{A22A0736-9B60-4C2A-A320-C7CFDCF08DDE}.Debug|Any CPU.Build.0 = Debug|Any CPU
		{A22A0736-9B60-4C2A-A320-C7CFDCF08DDE}.Release|Any CPU.ActiveCfg = Release|Any CPU
		{A22A0736-9B60-4C2A-A320-C7CFDCF08DDE}.Release|Any CPU.Build.0 = Release|Any CPU
	EndGlobalSection
	GlobalSection(SolutionProperties) = preSolution
		HideSolutionNode = FALSE
	EndGlobalSection
	GlobalSection(ExtensibilityGlobals) = postSolution
		SolutionGuid = {DB876230-923E-48B7-9F72-8F8B2618EBFA}
	EndGlobalSection
EndGlobal
