
Microsoft Visual Studio Solution File, Format Version 12.00
# Visual Studio 15
VisualStudioVersion = 15.0.28307.438
MinimumVisualStudioVersion = 10.0.40219.1
Project("{FAE04EC0-301F-11D3-BF4B-00C04F79EFBC}") = "lesson_7", "lesson_7\lesson_7.csproj", "{F8653F83-0AA0-488D-A1E3-0C40B7AE07D7}"
EndProject
Global
	GlobalSection(SolutionConfigurationPlatforms) = preSolution
		Debug|Any CPU = Debug|Any CPU
		Release|Any CPU = Release|Any CPU
	EndGlobalSection
	GlobalSection(ProjectConfigurationPlatforms) = postSolution
		{F8653F83-0AA0-488D-A1E3-0C40B7AE07D7}.Debug|Any CPU.ActiveCfg = Debug|Any CPU
		{F8653F83-0AA0-488D-A1E3-0C40B7AE07D7}.Debug|Any CPU.Build.0 = Debug|Any CPU
		{F8653F83-0AA0-488D-A1E3-0C40B7AE07D7}.Release|Any CPU.ActiveCfg = Release|Any CPU
		{F8653F83-0AA0-488D-A1E3-0C40B7AE07D7}.Release|Any CPU.Build.0 = Release|Any CPU
	EndGlobalSection
	GlobalSection(SolutionProperties) = preSolution
		HideSolutionNode = FALSE
	EndGlobalSection
	GlobalSection(ExtensibilityGlobals) = postSolution
		SolutionGuid = {4EECA96B-B7C9-49EC-AF18-90562222CD18}
	EndGlobalSection
EndGlobal
