
Microsoft Visual Studio Solution File, Format Version 12.00
# Visual Studio 15
VisualStudioVersion = 15.0.28307.438
MinimumVisualStudioVersion = 10.0.40219.1
Project("{FAE04EC0-301F-11D3-BF4B-00C04F79EFBC}") = "lesson_5", "lesson_5\lesson_5.csproj", "{2CA7D01F-0037-48A3-985A-EE8E7C34E84A}"
EndProject
Global
	GlobalSection(SolutionConfigurationPlatforms) = preSolution
		Debug|Any CPU = Debug|Any CPU
		Release|Any CPU = Release|Any CPU
	EndGlobalSection
	GlobalSection(ProjectConfigurationPlatforms) = postSolution
		{2CA7D01F-0037-48A3-985A-EE8E7C34E84A}.Debug|Any CPU.ActiveCfg = Debug|Any CPU
		{2CA7D01F-0037-48A3-985A-EE8E7C34E84A}.Debug|Any CPU.Build.0 = Debug|Any CPU
		{2CA7D01F-0037-48A3-985A-EE8E7C34E84A}.Release|Any CPU.ActiveCfg = Release|Any CPU
		{2CA7D01F-0037-48A3-985A-EE8E7C34E84A}.Release|Any CPU.Build.0 = Release|Any CPU
	EndGlobalSection
	GlobalSection(SolutionProperties) = preSolution
		HideSolutionNode = FALSE
	EndGlobalSection
	GlobalSection(ExtensibilityGlobals) = postSolution
		SolutionGuid = {EB4A27A9-393C-4AFD-AF8F-AA853487C2C4}
	EndGlobalSection
EndGlobal
